<Solution>
  <Folder Name="/src/">
    <Project Path="src/Toolbox.WinForms/Toolbox.WinForms.csproj" />
    <Project Path="src/Toolbox/Toolbox.csproj" />
  </Folder>
  <Folder Name="/tests/">
    <Project Path="tests/Toolbox.Tests/Toolbox.Tests.csproj" />
  </Folder>
  <Folder Name="/Tools/">
    <Project Path="src/Tools/Example/Example.csproj" />
  </Folder>
</Solution>
