<Solution>
  <Folder Name="/src/">
    <Project Path="src/Toolbox.Core/Toolbox.Core.csproj" />
    <Project Path="src/Toolbox.Ui.WinForms/Toolbox.Ui.WinForms.csproj" />
    <Project Path="src/Toolbox.Ui.WPF/Toolbox.Ui.WPF.csproj" />
  </Folder>
  <Folder Name="/tests/">
    <Project Path="tests/Toolbox.Tests/Toolbox.Tests.csproj" />
  </Folder>
  <Folder Name="/Tools/">
    <Project Path="src/Tools/Example/Example.csproj" />
    <Project Path="src/Tools/ExampleWPF/ExampleWPF.csproj" />
    <Project Path="src/Tools/FunctionGenerator/FunctionGenerator.csproj" />
    <Project Path="src/Tools/SerialAssistant/SerialAssistant.csproj" />
  </Folder>
</Solution>
